PODS:
  - connectivity_plus (0.0.1):
    - Flutter
    - Reachability
  - device_info_plus (0.0.1):
    - Flutter
  - emoji_picker_flutter (0.0.1):
    - Flutter
  - Firebase/CoreOnly (8.3.0):
    - FirebaseCore (= 8.3.0)
  - Firebase/Crashlytics (8.3.0):
    - Firebase/CoreOnly
    - FirebaseCrashlytics (~> 8.3.0)
  - Firebase/Messaging (8.3.0):
    - Firebase/CoreOnly
    - FirebaseMessaging (~> 8.3.0)
  - firebase_core (1.4.0):
    - Firebase/CoreOnly (= 8.3.0)
    - Flutter
  - firebase_crashlytics (2.1.1):
    - Firebase/Crashlytics (= 8.3.0)
    - firebase_core
    - Flutter
  - firebase_messaging (10.0.4):
    - Firebase/Messaging (= 8.3.0)
    - firebase_core
    - Flutter
  - FirebaseCore (8.3.0):
    - FirebaseCoreDiagnostics (~> 8.0)
    - GoogleUtilities/Environment (~> 7.4)
    - GoogleUtilities/Logger (~> 7.4)
  - FirebaseCoreDiagnostics (8.3.0):
    - GoogleDataTransport (~> 9.0)
    - GoogleUtilities/Environment (~> 7.4)
    - GoogleUtilities/Logger (~> 7.4)
    - nanopb (~> 2.30908.0)
  - FirebaseCrashlytics (8.3.0):
    - FirebaseCore (~> 8.0)
    - FirebaseInstallations (~> 8.0)
    - GoogleDataTransport (~> 9.0)
    - nanopb (~> 2.30908.0)
    - PromisesObjC (~> 1.2)
  - FirebaseInstallations (8.3.0):
    - FirebaseCore (~> 8.0)
    - GoogleUtilities/Environment (~> 7.4)
    - GoogleUtilities/UserDefaults (~> 7.4)
    - PromisesObjC (~> 1.2)
  - FirebaseMessaging (8.3.0):
    - FirebaseCore (~> 8.0)
    - FirebaseInstallations (~> 8.0)
    - GoogleUtilities/AppDelegateSwizzler (~> 7.4)
    - GoogleUtilities/Environment (~> 7.4)
    - GoogleUtilities/Reachability (~> 7.4)
    - GoogleUtilities/UserDefaults (~> 7.4)
  - Flutter (1.0.0)
  - flutter_local_notifications (0.0.1):
    - Flutter
  - flutter_webrtc (0.2.2):
    - Flutter
    - GoogleWebRTC (= 1.1.31999)
    - Libyuv (= 1703)
  - FMDB (2.7.5):
    - FMDB/standard (= 2.7.5)
  - FMDB/standard (2.7.5)
  - GoogleDataTransport (9.0.1):
    - GoogleUtilities/Environment (~> 7.2)
    - nanopb (~> 2.30908.0)
    - PromisesObjC (~> 1.2)
  - GoogleUtilities/AppDelegateSwizzler (7.4.3):
    - GoogleUtilities/Environment
    - GoogleUtilities/Logger
    - GoogleUtilities/Network
  - GoogleUtilities/Environment (7.4.3):
    - PromisesObjC (~> 1.2)
  - GoogleUtilities/Logger (7.4.3):
    - GoogleUtilities/Environment
  - GoogleUtilities/Network (7.4.3):
    - GoogleUtilities/Logger
    - "GoogleUtilities/NSData+zlib"
    - GoogleUtilities/Reachability
  - "GoogleUtilities/NSData+zlib (7.4.3)"
  - GoogleUtilities/Reachability (7.4.3):
    - GoogleUtilities/Logger
  - GoogleUtilities/UserDefaults (7.4.3):
    - GoogleUtilities/Logger
  - GoogleWebRTC (1.1.31999)
  - Libyuv (1703)
  - nanopb (2.30908.0):
    - nanopb/decode (= 2.30908.0)
    - nanopb/encode (= 2.30908.0)
  - nanopb/decode (2.30908.0)
  - nanopb/encode (2.30908.0)
  - open_file (0.0.1):
    - Flutter
  - package_info (0.0.1):
    - Flutter
  - path_provider (0.0.1):
    - Flutter
  - "permission_handler (5.1.0+2)":
    - Flutter
  - PromisesObjC (1.2.12)
  - Reachability (3.2)
  - share (0.0.1):
    - Flutter
  - shared_preferences (0.0.1):
    - Flutter
  - sqflite (0.0.2):
    - Flutter
    - FMDB (>= 2.7.5)
  - url_launcher (0.0.1):
    - Flutter

DEPENDENCIES:
  - connectivity_plus (from `.symlinks/plugins/connectivity_plus/ios`)
  - device_info_plus (from `.symlinks/plugins/device_info_plus/ios`)
  - emoji_picker_flutter (from `.symlinks/plugins/emoji_picker_flutter/ios`)
  - firebase_core (from `.symlinks/plugins/firebase_core/ios`)
  - firebase_crashlytics (from `.symlinks/plugins/firebase_crashlytics/ios`)
  - firebase_messaging (from `.symlinks/plugins/firebase_messaging/ios`)
  - Flutter (from `Flutter`)
  - flutter_local_notifications (from `.symlinks/plugins/flutter_local_notifications/ios`)
  - flutter_webrtc (from `.symlinks/plugins/flutter_webrtc/ios`)
  - open_file (from `.symlinks/plugins/open_file/ios`)
  - package_info (from `.symlinks/plugins/package_info/ios`)
  - path_provider (from `.symlinks/plugins/path_provider/ios`)
  - permission_handler (from `.symlinks/plugins/permission_handler/ios`)
  - share (from `.symlinks/plugins/share/ios`)
  - shared_preferences (from `.symlinks/plugins/shared_preferences/ios`)
  - sqflite (from `.symlinks/plugins/sqflite/ios`)
  - url_launcher (from `.symlinks/plugins/url_launcher/ios`)

SPEC REPOS:
  trunk:
    - Firebase
    - FirebaseCore
    - FirebaseCoreDiagnostics
    - FirebaseCrashlytics
    - FirebaseInstallations
    - FirebaseMessaging
    - FMDB
    - GoogleDataTransport
    - GoogleUtilities
    - GoogleWebRTC
    - Libyuv
    - nanopb
    - PromisesObjC
    - Reachability

EXTERNAL SOURCES:
  connectivity_plus:
    :path: ".symlinks/plugins/connectivity_plus/ios"
  device_info_plus:
    :path: ".symlinks/plugins/device_info_plus/ios"
  emoji_picker_flutter:
    :path: ".symlinks/plugins/emoji_picker_flutter/ios"
  firebase_core:
    :path: ".symlinks/plugins/firebase_core/ios"
  firebase_crashlytics:
    :path: ".symlinks/plugins/firebase_crashlytics/ios"
  firebase_messaging:
    :path: ".symlinks/plugins/firebase_messaging/ios"
  Flutter:
    :path: Flutter
  flutter_local_notifications:
    :path: ".symlinks/plugins/flutter_local_notifications/ios"
  flutter_webrtc:
    :path: ".symlinks/plugins/flutter_webrtc/ios"
  open_file:
    :path: ".symlinks/plugins/open_file/ios"
  package_info:
    :path: ".symlinks/plugins/package_info/ios"
  path_provider:
    :path: ".symlinks/plugins/path_provider/ios"
  permission_handler:
    :path: ".symlinks/plugins/permission_handler/ios"
  share:
    :path: ".symlinks/plugins/share/ios"
  shared_preferences:
    :path: ".symlinks/plugins/shared_preferences/ios"
  sqflite:
    :path: ".symlinks/plugins/sqflite/ios"
  url_launcher:
    :path: ".symlinks/plugins/url_launcher/ios"

SPEC CHECKSUMS:
  connectivity_plus: 5f0eb61093bec56935f21a1699dd2758bc895587
  device_info_plus: e5c5da33f982a436e103237c0c85f9031142abed
  emoji_picker_flutter: 4f9a1ac31d355e1bf9622a1e821a809149130127
  Firebase: 817b9171d0d51dccc458b94a5e8edff6b1dd323d
  firebase_core: 72374607c8c6f5a0adc0559e5c5bf57deda975e3
  firebase_crashlytics: f5c47b951fb9b494f2bc4212c8aa8de3ed8417cf
  firebase_messaging: 55c5b8184efd330b9d1f1765b55c4ae57e015c5e
  FirebaseCore: a6dba751680d7033b9d3831e1cfc95ead0605118
  FirebaseCoreDiagnostics: 7e873baabcfaa9512f538554ae4fa0817aaafbdb
  FirebaseCrashlytics: 3d83f2e8a47f476f47c82ff4536b169df6781271
  FirebaseInstallations: b69db7680870dbac17bba7a51fc0b5c4b365baa7
  FirebaseMessaging: 42252b79b860482021483748669ec32e22196462
  Flutter: 434fef37c0980e73bb6479ef766c45957d4b510c
  flutter_local_notifications: 0c0b1ae97e741e1521e4c1629a459d04b9aec743
  flutter_webrtc: 39898454258b54ba51996850d5da8d5d53bf1524
  FMDB: 2ce00b547f966261cd18927a3ddb07cb6f3db82a
  GoogleDataTransport: 04c3e9a480bbcaa2ec3f5d27f1cdeb6a92f20c8d
  GoogleUtilities: 45dbb24a7f351d69d0a601482b39ad6c32e30dab
  GoogleWebRTC: b39a78c4f5cc6b0323415b9233db03a2faa7b0f0
  Libyuv: 5f79ced0ee66e60a612ca97de1e6ccacd187a437
  nanopb: a0ba3315591a9ae0a16a309ee504766e90db0c96
  open_file: 02eb5cb6b21264bd3a696876f5afbfb7ca4f4b7d
  package_info: 873975fc26034f0b863a300ad47e7f1ac6c7ec62
  path_provider: abfe2b5c733d04e238b0d8691db0cfd63a27a93c
  permission_handler: ccb20a9fad0ee9b1314a52b70b76b473c5f8dab0
  PromisesObjC: 3113f7f76903778cf4a0586bd1ab89329a0b7b97
  Reachability: 33e18b67625424e47b6cde6d202dce689ad7af96
  share: 0b2c3e82132f5888bccca3351c504d0003b3b410
  shared_preferences: af6bfa751691cdc24be3045c43ec037377ada40d
  sqflite: 6d358c025f5b867b29ed92fc697fd34924e11904
  url_launcher: 6fef411d543ceb26efce54b05a0a40bfd74cbbef

PODFILE CHECKSUM: aafe91acc616949ddb318b77800a7f51bffa2a4c

COCOAPODS: 1.10.0
